// !$*UTF8*$!
{
	archiveVersion = 1;
	classes = {
	};
	objectVersion = 77;
	objects = {

/* Begin PBXContainerItemProxy section */
		F25281D02F1F5BA800B483F7 /* PBXContainerItemProxy */ = {
			isa = PBXContainerItemProxy;
			containerPortal = F25281B12F1F5BA700B483F7 /* Project object */;
			proxyType = 1;
			remoteGlobalIDString = F25281B82F1F5BA700B483F7;
			remoteInfo = calculadora0;
		};
		F25281DA2F1F5BA800B483F7 /* PBXContainerItemProxy */ = {
			isa = PBXContainerItemProxy;
			containerPortal = F25281B12F1F5BA700B483F7 /* Project object */;
			proxyType = 1;
			remoteGlobalIDString = F25281B82F1F5BA700B483F7;
			remoteInfo = calculadora0;
		};
/* End PBXContainerItemProxy section */

/* Begin PBXFileReference section */
		F25281B92F1F5BA700B483F7 /* calculadora0.app */ = {isa = PBXFileReference; explicitFileType = wrapper.application; includeInIndex = 0; path = calculadora0.app; sourceTree = BUILT_PRODUCTS_DIR; };
		F25281CF2F1F5BA800B483F7 /* calculadora0Tests.xctest */ = {isa = PBXFileReference; explicitFileType = wrapper.cfbundle; includeInIndex = 0; path = calculadora0Tests.xctest; sourceTree = BUILT_PRODUCTS_DIR; };
		F25281D92F1F5BA800B483F7 /* calculadora0UITests.xctest */ = {isa = PBXFileReference; explicitFileType = wrapper.cfbundle; includeInIndex = 0; path = calculadora0UITests.xctest; sourceTree = BUILT_PRODUCTS_DIR; };
/* End PBXFileReference section */

/* Begin PBXFileSystemSynchronizedBuildFileExceptionSet section */
		F25281E12F1F5BA800B483F7 /* Exceptions for "calculadora0" folder in "calculadora0" target */ = {
			isa = PBXFileSystemSynchronizedBuildFileExceptionSet;
			membershipExceptions = (
				Info.plist,
			);
			target = F25281B82F1F5BA700B483F7 /* calculadora0 */;
		};
/* End PBXFileSystemSynchronizedBuildFileExceptionSet section */

/* Begin PBXFileSystemSynchronizedRootGroup section */
		F25281BB2F1F5BA700B483F7 /* calculadora0 */ = {
			isa = PBXFileSystemSynchronizedRootGroup;
			exceptions = (
				F25281E12F1F5BA800B483F7 /* Exceptions for "calculadora0" folder in "calculadora0" target */,
			);
			path = calculadora0;
			sourceTree = "<group>";
		};
		F25281D22F1F5BA800B483F7 /* calculadora0Tests */ = {
			isa = PBXFileSystemSynchronizedRootGroup;
			path = calculadora0Tests;
			sourceTree = "<group>";
		};
		F25281DC2F1F5BA800B483F7 /* calculadora0UITests */ = {
			isa = PBXFileSystemSynchronizedRootGroup;
			path = calculadora0UITests;
			sourceTree = "<group>";
		};
/* End PBXFileSystemSynchronizedRootGroup section */

/* Begin PBXFrameworksBuildPhase section */
		F25281B62F1F5BA700B483F7 /* Frameworks */ = {
			isa = PBXFrameworksBuildPhase;
			buildActionMask = 2147483647;
			files = (
			);
			runOnlyForDeploymentPostprocessing = 0;
		};
		F25281CC2F1F5BA800B483F7 /* Frameworks */ = {
			isa = PBXFrameworksBuildPhase;
			buildActionMask = 2147483647;
			files = (
			);
			runOnlyForDeploymentPostprocessing = 0;
		};
		F25281D62F1F5BA800B483F7 /* Frameworks */ = {
			isa = PBXFrameworksBuildPhase;
			buildActionMask = 2147483647;
			files = (
			);
			runOnlyForDeploymentPostprocessing = 0;
		};
/* End PBXFrameworksBuildPhase section */

/* Begin PBXGroup section */
		F25281B02F1F5BA700B483F7 = {
			isa = PBXGroup;
			children = (
				F25281BB2F1F5BA700B483F7 /* calculadora0 */,
				F25281D22F1F5BA800B483F7 /* calculadora0Tests */,
				F25281DC2F1F5BA800B483F7 /* calculadora0UITests */,
				F25281BA2F1F5BA700B483F7 /* Products */,
			);
			sourceTree = "<group>";
		};
		F25281BA2F1F5BA700B483F7 /* Products */ = {
			isa = PBXGroup;
			children = (
				F25281B92F1F5BA700B483F7 /* calculadora0.app */,
				F25281CF2F1F5BA800B483F7 /* calculadora0Tests.xctest */,
				F25281D92F1F5BA800B483F7 /* calculadora0UITests.xctest */,
			);
			name = Products;
			sourceTree = "<group>";
		};
/* End PBXGroup section */

/* Begin PBXNativeTarget section */
		F25281B82F1F5BA700B483F7 /* calculadora0 */ = {
			isa = PBXNativeTarget;
			buildConfigurationList = F25281E22F1F5BA800B483F7 /* Build configuration list for PBXNativeTarget "calculadora0" */;
			buildPhases = (
				F25281B52F1F5BA700B483F7 /* Sources */,
				F25281B62F1F5BA700B483F7 /* Frameworks */,
				F25281B72F1F5BA700B483F7 /* Resources */,
			);
			buildRules = (
			);
			dependencies = (
			);
			fileSystemSynchronizedGroups = (
				F25281BB2F1F5BA700B483F7 /* calculadora0 */,
			);
			name = calculadora0;
			packageProductDependencies = (
			);
			productName = calculadora0;
			productReference = F25281B92F1F5BA700B483F7 /* calculadora0.app */;
			productType = "com.apple.product-type.application";
		};
		F25281CE2F1F5BA800B483F7 /* calculadora0Tests */ = {
			isa = PBXNativeTarget;
			buildConfigurationList = F25281E72F1F5BA800B483F7 /* Build configuration list for PBXNativeTarget "calculadora0Tests" */;
			buildPhases = (
				F25281CB2F1F5BA800B483F7 /* Sources */,
				F25281CC2F1F5BA800B483F7 /* Frameworks */,
				F25281CD2F1F5BA800B483F7 /* Resources */,
			);
			buildRules = (
			);
			dependencies = (
				F25281D12F1F5BA800B483F7 /* PBXTargetDependency */,
			);
			fileSystemSynchronizedGroups = (
				F25281D22F1F5BA800B483F7 /* calculadora0Tests */,
			);
			name = calculadora0Tests;
			packageProductDependencies = (
			);
			productName = calculadora0Tests;
			productReference = F25281CF2F1F5BA800B483F7 /* calculadora0Tests.xctest */;
			productType = "com.apple.product-type.bundle.unit-test";
		};
		F25281D82F1F5BA800B483F7 /* calculadora0UITests */ = {
			isa = PBXNativeTarget;
			buildConfigurationList = F25281EA2F1F5BA800B483F7 /* Build configuration list for PBXNativeTarget "calculadora0UITests" */;
			buildPhases = (
				F25281D52F1F5BA800B483F7 /* Sources */,
				F25281D62F1F5BA800B483F7 /* Frameworks */,
				F25281D72F1F5BA800B483F7 /* Resources */,
			);
			buildRules = (
			);
			dependencies = (
				F25281DB2F1F5BA800B483F7 /* PBXTargetDependency */,
			);
			fileSystemSynchronizedGroups = (
				F25281DC2F1F5BA800B483F7 /* calculadora0UITests */,
			);
			name = calculadora0UITests;
			packageProductDependencies = (
			);
			productName = calculadora0UITests;
			productReference = F25281D92F1F5BA800B483F7 /* calculadora0UITests.xctest */;
			productType = "com.apple.product-type.bundle.ui-testing";
		};
/* End PBXNativeTarget section */

/* Begin PBXProject section */
		F25281B12F1F5BA700B483F7 /* Project object */ = {
			isa = PBXProject;
			attributes = {
				BuildIndependentTargetsInParallel = 1;
				LastSwiftUpdateCheck = 1620;
				LastUpgradeCheck = 1620;
				TargetAttributes = {
					F25281B82F1F5BA700B483F7 = {
						CreatedOnToolsVersion = 16.2;
					};
					F25281CE2F1F5BA800B483F7 = {
						CreatedOnToolsVersion = 16.2;
						TestTargetID = F25281B82F1F5BA700B483F7;
					};
					F25281D82F1F5BA800B483F7 = {
						CreatedOnToolsVersion = 16.2;
						TestTargetID = F25281B82F1F5BA700B483F7;
					};
				};
			};
			buildConfigurationList = F25281B42F1F5BA700B483F7 /* Build configuration list for PBXProject "calculadora0" */;
			developmentRegion = en;
			hasScannedForEncodings = 0;
			knownRegions = (
				en,
				Base,
			);
			mainGroup = F25281B02F1F5BA700B483F7;
			minimizedProjectReferenceProxies = 1;
			preferredProjectObjectVersion = 77;
			productRefGroup = F25281BA2F1F5BA700B483F7 /* Products */;
			projectDirPath = "";
			projectRoot = "";
			targets = (
				F25281B82F1F5BA700B483F7 /* calculadora0 */,
				F25281CE2F1F5BA800B483F7 /* calculadora0Tests */,
				F25281D82F1F5BA800B483F7 /* calculadora0UITests */,
			);
		};
/* End PBXProject section */

/* Begin PBXResourcesBuildPhase section */
		F25281B72F1F5BA700B483F7 /* Resources */ = {
			isa = PBXResourcesBuildPhase;
			buildActionMask = 2147483647;
			files = (
			);
			runOnlyForDeploymentPostprocessing = 0;
		};
		F25281CD2F1F5BA800B483F7 /* Resources */ = {
			isa = PBXResourcesBuildPhase;
			buildActionMask = 2147483647;
			files = (
			);
			runOnlyForDeploymentPostprocessing = 0;
		};
		F25281D72F1F5BA800B483F7 /* Resources */ = {
			isa = PBXResourcesBuildPhase;
			buildActionMask = 2147483647;
			files = (
			);
			runOnlyForDeploymentPostprocessing = 0;
		};
/* End PBXResourcesBuildPhase section */

/* Begin PBXSourcesBuildPhase section */
		F25281B52F1F5BA700B483F7 /* Sources */ = {
			isa = PBXSourcesBuildPhase;
			buildActionMask = 2147483647;
			files = (
			);
			runOnlyForDeploymentPostprocessing = 0;
		};
		F25281CB2F1F5BA800B483F7 /* Sources */ = {
			isa = PBXSourcesBuildPhase;
			buildActionMask = 2147483647;
			files = (
			);
			runOnlyForDeploymentPostprocessing = 0;
		};
		F25281D52F1F5BA800B483F7 /* Sources */ = {
			isa = PBXSourcesBuildPhase;
			buildActionMask = 2147483647;
			files = (
			);
			runOnlyForDeploymentPostprocessing = 0;
		};
/* End PBXSourcesBuildPhase section */

/* Begin PBXTargetDependency section */
		F25281D12F1F5BA800B483F7 /* PBXTargetDependency */ = {
			isa = PBXTargetDependency;
			target = F25281B82F1F5BA700B483F7 /* calculadora0 */;
			targetProxy = F25281D02F1F5BA800B483F7 /* PBXContainerItemProxy */;
		};
		F25281DB2F1F5BA800B483F7 /* PBXTargetDependency */ = {
			isa = PBXTargetDependency;
			target = F25281B82F1F5BA700B483F7 /* calculadora0 */;
			targetProxy = F25281DA2F1F5BA800B483F7 /* PBXContainerItemProxy */;
		};
/* End PBXTargetDependency section */

/* Begin XCBuildConfiguration section */
		F25281E32F1F5BA800B483F7 /* Debug */ = {
			isa = XCBuildConfiguration;
			buildSettings = {
				ASSETCATALOG_COMPILER_APPICON_NAME = AppIcon;
				ASSETCATALOG_COMPILER_GLOBAL_ACCENT_COLOR_NAME = AccentColor;
				CODE_SIGN_STYLE = Automatic;
				CURRENT_PROJECT_VERSION = 1;
				GENERATE_INFOPLIST_FILE = YES;
				INFOPLIST_FILE = calculadora0/Info.plist;
				INFOPLIST_KEY_UIApplicationSupportsIndirectInputEvents = YES;
				INFOPLIST_KEY_UILaunchStoryboardName = Main.storyboard;
				INFOPLIST_KEY_UIMainStoryboardFile = Main;
				INFOPLIST_KEY_UIStatusBarStyle = "";
				INFOPLIST_KEY_UISupportedInterfaceOrientations_iPad = "UIInterfaceOrientationPortrait UIInterfaceOrientationPortraitUpsideDown UIInterfaceOrientationLandscapeLeft UIInterfaceOrientationLandscapeRight";
				INFOPLIST_KEY_UISupportedInterfaceOrientations_iPhone = "UIInterfaceOrientationPortrait UIInterfaceOrientationLandscapeLeft UIInterfaceOrientationLandscapeRight";
				LD_RUNPATH_SEARCH_PATHS = (
					"$(inherited)",
					"@executable_path/Frameworks",
				);
				MARKETING_VERSION = 1.0;
				PRODUCT_BUNDLE_IDENTIFIER = test1.tom.calculadora0;
				PRODUCT_NAME = "$(TARGET_NAME)";
				SWIFT_EMIT_LOC_STRINGS = YES;
				SWIFT_VERSION = 5.0;
				TARGETED_DEVICE_FAMILY = "1,2";
			};
			name = Debug;
		};
		F25281E42F1F5BA800B483F7 /* Release */ = {
			isa = XCBuildConfiguration;
			buildSettings = {
				ASSETCATALOG_COMPILER_APPICON_NAME = AppIcon;
				ASSETCATALOG_COMPILER_GLOBAL_ACCENT_COLOR_NAME = AccentColor;
				CODE_SIGN_STYLE = Automatic;
				CURRENT_PROJECT_VERSION = 1;
				GENERATE_INFOPLIST_FILE = YES;
				INFOPLIST_FILE = calculadora0/Info.plist;
				INFOPLIST_KEY_UIApplicationSupportsIndirectInputEvents = YES;
				INFOPLIST_KEY_UILaunchStoryboardName = Main.storyboard;
				INFOPLIST_KEY_UIMainStoryboardFile = Main;
				INFOPLIST_KEY_UIStatusBarStyle = "";
				INFOPLIST_KEY_UISupportedInterfaceOrientations_iPad = "UIInterfaceOrientationPortrait UIInterfaceOrientationPortraitUpsideDown UIInterfaceOrientationLandscapeLeft UIInterfaceOrientationLandscapeRight";
				INFOPLIST_KEY_UISupportedInterfaceOrientations_iPhone = "UIInterfaceOrientationPortrait UIInterfaceOrientationLandscapeLeft UIInterfaceOrientationLandscapeRight";
				LD_RUNPATH_SEARCH_PATHS = (
					"$(inherited)",
					"@executable_path/Frameworks",
				);
				MARKETING_VERSION = 1.0;
				PRODUCT_BUNDLE_IDENTIFIER = test1.tom.calculadora0;
				PRODUCT_NAME = "$(TARGET_NAME)";
				SWIFT_EMIT_LOC_STRINGS = YES;
				SWIFT_VERSION = 5.0;
				TARGETED_DEVICE_FAMILY = "1,2";
			};
			name = Release;
		};
		F25281E52F1F5BA800B483F7 /* Debug */ = {
			isa = XCBuildConfiguration;
			buildSettings = {
				ALWAYS_SEARCH_USER_PATHS = NO;
				ASSETCATALOG_COMPILER_GENERATE_SWIFT_ASSET_SYMBOL_EXTENSIONS = YES;
				CLANG_ANALYZER_NONNULL = YES;
				CLANG_ANALYZER_NUMBER_OBJECT_CONVERSION = YES_AGGRESSIVE;
				CLANG_CXX_LANGUAGE_STANDARD = "gnu++20";
				CLANG_ENABLE_MODULES = YES;
				CLANG_ENABLE_OBJC_ARC = YES;
				CLANG_ENABLE_OBJC_WEAK = YES;
				CLANG_WARN_BLOCK_CAPTURE_AUTORELEASING = YES;
				CLANG_WARN_BOOL_CONVERSION = YES;
				CLANG_WARN_COMMA = YES;
				CLANG_WARN_CONSTANT_CONVERSION = YES;
				CLANG_WARN_DEPRECATED_OBJC_IMPLEMENTATIONS = YES;
				CLANG_WARN_DIRECT_OBJC_ISA_USAGE = YES_ERROR;
				CLANG_WARN_DOCUMENTATION_COMMENTS = YES;
				CLANG_WARN_EMPTY_BODY = YES;
				CLANG_WARN_ENUM_CONVERSION = YES;
				CLANG_WARN_INFINITE_RECURSION = YES;
				CLANG_WARN_INT_CONVERSION = YES;
				CLANG_WARN_NON_LITERAL_NULL_CONVERSION = YES;
				CLANG_WARN_OBJC_IMPLICIT_RETAIN_SELF = YES;
				CLANG_WARN_OBJC_LITERAL_CONVERSION = YES;
				CLANG_WARN_OBJC_ROOT_CLASS = YES_ERROR;
				CLANG_WARN_QUOTED_INCLUDE_IN_FRAMEWORK_HEADER = YES;
				CLANG_WARN_RANGE_LOOP_ANALYSIS = YES;
				CLANG_WARN_STRICT_PROTOTYPES = YES;
				CLANG_WARN_SUSPICIOUS_MOVE = YES;
				CLANG_WARN_UNGUARDED_AVAILABILITY = YES_AGGRESSIVE;
				CLANG_WARN_UNREACHABLE_CODE = YES;
				CLANG_WARN__DUPLICATE_METHOD_MATCH = YES;
				COPY_PHASE_STRIP = NO;
				DEBUG_INFORMATION_FORMAT = dwarf;
				ENABLE_STRICT_OBJC_MSGSEND = YES;
				ENABLE_TESTABILITY = YES;
				ENABLE_USER_SCRIPT_SANDBOXING = YES;
				GCC_C_LANGUAGE_STANDARD = gnu17;
				GCC_DYNAMIC_NO_PIC = NO;
				GCC_NO_COMMON_BLOCKS = YES;
				GCC_OPTIMIZATION_LEVEL = 0;
				GCC_PREPROCESSOR_DEFINITIONS = (
					"DEBUG=1",
					"$(inherited)",
				);
				GCC_WARN_64_TO_32_BIT_CONVERSION = YES;
				GCC_WARN_ABOUT_RETURN_TYPE = YES_ERROR;
				GCC_WARN_UNDECLARED_SELECTOR = YES;
				GCC_WARN_UNINITIALIZED_AUTOS = YES_AGGRESSIVE;
				GCC_WARN_UNUSED_FUNCTION = YES;
				GCC_WARN_UNUSED_VARIABLE = YES;
				IPHONEOS_DEPLOYMENT_TARGET = 18.2;
				LOCALIZATION_PREFERS_STRING_CATALOGS = YES;
				MTL_ENABLE_DEBUG_INFO = INCLUDE_SOURCE;
				MTL_FAST_MATH = YES;
				ONLY_ACTIVE_ARCH = YES;
				SDKROOT = iphoneos;
				SWIFT_ACTIVE_COMPILATION_CONDITIONS = "DEBUG $(inherited)";
				SWIFT_OPTIMIZATION_LEVEL = "-Onone";
			};
			name = Debug;
		};
		F25281E62F1F5BA800B483F7 /* Release */ = {
			isa = XCBuildConfiguration;
			buildSettings = {
				ALWAYS_SEARCH_USER_PATHS = NO;
				ASSETCATALOG_COMPILER_GENERATE_SWIFT_ASSET_SYMBOL_EXTENSIONS = YES;
				CLANG_ANALYZER_NONNULL = YES;
				CLANG_ANALYZER_NUMBER_OBJECT_CONVERSION = YES_AGGRESSIVE;
				CLANG_CXX_LANGUAGE_STANDARD = "gnu++20";
				CLANG_ENABLE_MODULES = YES;
				CLANG_ENABLE_OBJC_ARC = YES;
				CLANG_ENABLE_OBJC_WEAK = YES;
				CLANG_WARN_BLOCK_CAPTURE_AUTORELEASING = YES;
				CLANG_WARN_BOOL_CONVERSION = YES;
				CLANG_WARN_COMMA = YES;
				CLANG_WARN_CONSTANT_CONVERSION = YES;
				CLANG_WARN_DEPRECATED_OBJC_IMPLEMENTATIONS = YES;
				CLANG_WARN_DIRECT_OBJC_ISA_USAGE = YES_ERROR;
				CLANG_WARN_DOCUMENTATION_COMMENTS = YES;
				CLANG_WARN_EMPTY_BODY = YES;
				CLANG_WARN_ENUM_CONVERSION = YES;
				CLANG_WARN_INFINITE_RECURSION = YES;
				CLANG_WARN_INT_CONVERSION = YES;
				CLANG_WARN_NON_LITERAL_NULL_CONVERSION = YES;
				CLANG_WARN_OBJC_IMPLICIT_RETAIN_SELF = YES;
				CLANG_WARN_OBJC_LITERAL_CONVERSION = YES;
				CLANG_WARN_OBJC_ROOT_CLASS = YES_ERROR;
				CLANG_WARN_QUOTED_INCLUDE_IN_FRAMEWORK_HEADER = YES;
				CLANG_WARN_RANGE_LOOP_ANALYSIS = YES;
				CLANG_WARN_STRICT_PROTOTYPES = YES;
				CLANG_WARN_SUSPICIOUS_MOVE = YES;
				CLANG_WARN_UNGUARDED_AVAILABILITY = YES_AGGRESSIVE;
				CLANG_WARN_UNREACHABLE_CODE = YES;
				CLANG_WARN__DUPLICATE_METHOD_MATCH = YES;
				COPY_PHASE_STRIP = NO;
				DEBUG_INFORMATION_FORMAT = "dwarf-with-dsym";
				ENABLE_NS_ASSERTIONS = NO;
				ENABLE_STRICT_OBJC_MSGSEND = YES;
				ENABLE_USER_SCRIPT_SANDBOXING = YES;
				GCC_C_LANGUAGE_STANDARD = gnu17;
				GCC_NO_COMMON_BLOCKS = YES;
				GCC_WARN_64_TO_32_BIT_CONVERSION = YES;
				GCC_WARN_ABOUT_RETURN_TYPE = YES_ERROR;
				GCC_WARN_UNDECLARED_SELECTOR = YES;
				GCC_WARN_UNINITIALIZED_AUTOS = YES_AGGRESSIVE;
				GCC_WARN_UNUSED_FUNCTION = YES;
				GCC_WARN_UNUSED_VARIABLE = YES;
				IPHONEOS_DEPLOYMENT_TARGET = 18.2;
				LOCALIZATION_PREFERS_STRING_CATALOGS = YES;
				MTL_ENABLE_DEBUG_INFO = NO;
				MTL_FAST_MATH = YES;
				SDKROOT = iphoneos;
				SWIFT_COMPILATION_MODE = wholemodule;
				VALIDATE_PRODUCT = YES;
			};
			name = Release;
		};
		F25281E82F1F5BA800B483F7 /* Debug */ = {
			isa = XCBuildConfiguration;
			buildSettings = {
				BUNDLE_LOADER = "$(TEST_HOST)";
				CODE_SIGN_STYLE = Automatic;
				CURRENT_PROJECT_VERSION = 1;
				GENERATE_INFOPLIST_FILE = YES;
				IPHONEOS_DEPLOYMENT_TARGET = 18.2;
				MARKETING_VERSION = 1.0;
				PRODUCT_BUNDLE_IDENTIFIER = test1.tom.calculadora0Tests;
				PRODUCT_NAME = "$(TARGET_NAME)";
				SWIFT_EMIT_LOC_STRINGS = NO;
				SWIFT_VERSION = 5.0;
				TARGETED_DEVICE_FAMILY = "1,2";
				TEST_HOST = "$(BUILT_PRODUCTS_DIR)/calculadora0.app/$(BUNDLE_EXECUTABLE_FOLDER_PATH)/calculadora0";
			};
			name = Debug;
		};
		F25281E92F1F5BA800B483F7 /* Release */ = {
			isa = XCBuildConfiguration;
			buildSettings = {
				BUNDLE_LOADER = "$(TEST_HOST)";
				CODE_SIGN_STYLE = Automatic;
				CURRENT_PROJECT_VERSION = 1;
				GENERATE_INFOPLIST_FILE = YES;
				IPHONEOS_DEPLOYMENT_TARGET = 18.2;
				MARKETING_VERSION = 1.0;
				PRODUCT_BUNDLE_IDENTIFIER = test1.tom.calculadora0Tests;
				PRODUCT_NAME = "$(TARGET_NAME)";
				SWIFT_EMIT_LOC_STRINGS = NO;
				SWIFT_VERSION = 5.0;
				TARGETED_DEVICE_FAMILY = "1,2";
				TEST_HOST = "$(BUILT_PRODUCTS_DIR)/calculadora0.app/$(BUNDLE_EXECUTABLE_FOLDER_PATH)/calculadora0";
			};
			name = Release;
		};
		F25281EB2F1F5BA800B483F7 /* Debug */ = {
			isa = XCBuildConfiguration;
			buildSettings = {
				CODE_SIGN_STYLE = Automatic;
				CURRENT_PROJECT_VERSION = 1;
				GENERATE_INFOPLIST_FILE = YES;
				MARKETING_VERSION = 1.0;
				PRODUCT_BUNDLE_IDENTIFIER = test1.tom.calculadora0UITests;
				PRODUCT_NAME = "$(TARGET_NAME)";
				SWIFT_EMIT_LOC_STRINGS = NO;
				SWIFT_VERSION = 5.0;
				TARGETED_DEVICE_FAMILY = "1,2";
				TEST_TARGET_NAME = calculadora0;
			};
			name = Debug;
		};
		F25281EC2F1F5BA800B483F7 /* Release */ = {
			isa = XCBuildConfiguration;
			buildSettings = {
				CODE_SIGN_STYLE = Automatic;
				CURRENT_PROJECT_VERSION = 1;
				GENERATE_INFOPLIST_FILE = YES;
				MARKETING_VERSION = 1.0;
				PRODUCT_BUNDLE_IDENTIFIER = test1.tom.calculadora0UITests;
				PRODUCT_NAME = "$(TARGET_NAME)";
				SWIFT_EMIT_LOC_STRINGS = NO;
				SWIFT_VERSION = 5.0;
				TARGETED_DEVICE_FAMILY = "1,2";
				TEST_TARGET_NAME = calculadora0;
			};
			name = Release;
		};
/* End XCBuildConfiguration section */

/* Begin XCConfigurationList section */
		F25281B42F1F5BA700B483F7 /* Build configuration list for PBXProject "calculadora0" */ = {
			isa = XCConfigurationList;
			buildConfigurations = (
				F25281E52F1F5BA800B483F7 /* Debug */,
				F25281E62F1F5BA800B483F7 /* Release */,
			);
			defaultConfigurationIsVisible = 0;
			defaultConfigurationName = Release;
		};
		F25281E22F1F5BA800B483F7 /* Build configuration list for PBXNativeTarget "calculadora0" */ = {
			isa = XCConfigurationList;
			buildConfigurations = (
				F25281E32F1F5BA800B483F7 /* Debug */,
				F25281E42F1F5BA800B483F7 /* Release */,
			);
			defaultConfigurationIsVisible = 0;
			defaultConfigurationName = Release;
		};
		F25281E72F1F5BA800B483F7 /* Build configuration list for PBXNativeTarget "calculadora0Tests" */ = {
			isa = XCConfigurationList;
			buildConfigurations = (
				F25281E82F1F5BA800B483F7 /* Debug */,
				F25281E92F1F5BA800B483F7 /* Release */,
			);
			defaultConfigurationIsVisible = 0;
			defaultConfigurationName = Release;
		};
		F25281EA2F1F5BA800B483F7 /* Build configuration list for PBXNativeTarget "calculadora0UITests" */ = {
			isa = XCConfigurationList;
			buildConfigurations = (
				F25281EB2F1F5BA800B483F7 /* Debug */,
				F25281EC2F1F5BA800B483F7 /* Release */,
			);
			defaultConfigurationIsVisible = 0;
			defaultConfigurationName = Release;
		};
/* End XCConfigurationList section */
	};
	rootObject = F25281B12F1F5BA700B483F7 /* Project object */;
}
